
Microsoft Visual Studio Solution File, Format Version 12.00
# Visual Studio Version 16
VisualStudioVersion = 16.0.30611.23
MinimumVisualStudioVersion = 10.0.40219.1
Project("{FAE04EC0-301F-11D3-BF4B-00C04F79EFBC}") = "Chess", "Chess\Chess.csproj", "{FEE32F2E-C35F-4D54-938E-FA56416503C3}"
EndProject
Global
	GlobalSection(SolutionConfigurationPlatforms) = preSolution
		Debug|Any CPU = Debug|Any CPU
		Release|Any CPU = Release|Any CPU
	EndGlobalSection
	GlobalSection(ProjectConfigurationPlatforms) = postSolution
		{FEE32F2E-C35F-4D54-938E-FA56416503C3}.Debug|Any CPU.ActiveCfg = Debug|Any CPU
		{FEE32F2E-C35F-4D54-938E-FA56416503C3}.Debug|Any CPU.Build.0 = Debug|Any CPU
		{FEE32F2E-C35F-4D54-938E-FA56416503C3}.Release|Any CPU.ActiveCfg = Release|Any CPU
		{FEE32F2E-C35F-4D54-938E-FA56416503C3}.Release|Any CPU.Build.0 = Release|Any CPU
	EndGlobalSection
	GlobalSection(SolutionProperties) = preSolution
		HideSolutionNode = FALSE
	EndGlobalSection
	GlobalSection(ExtensibilityGlobals) = postSolution
		SolutionGuid = {ABD3351A-014C-4F91-BC1B-77FE6F2FDFA7}
	EndGlobalSection
EndGlobal
